// !$*UTF8*$!
{
	archiveVersion = 1;
	classes = {
	};
	objectVersion = 50;
	objects = {

/* Begin PBXBuildFile section */
		E850C0EC25E263E300EE1C14 /* tick.png in Resources */ = {isa = PBXBuildFile; fileRef = E850C0DD25E263E300EE1C14 /* tick.png */; };
		E850C0ED25E263E300EE1C14 /* MockFileManager.swift in Sources */ = {isa = PBXBuildFile; fileRef = E850C0DF25E263E300EE1C14 /* MockFileManager.swift */; };
		E850C0EE25E263E400EE1C14 /* MockURLSession.swift in Sources */ = {isa = PBXBuildFile; fileRef = E850C0E025E263E300EE1C14 /* MockURLSession.swift */; };
		E850C0EF25E263E400EE1C14 /* ObservableTests.swift in Sources */ = {isa = PBXBuildFile; fileRef = E850C0E225E263E300EE1C14 /* ObservableTests.swift */; };
		E850C0F025E263E400EE1C14 /* CacheImageOperationTests.swift in Sources */ = {isa = PBXBuildFile; fileRef = E850C0E425E263E300EE1C14 /* CacheImageOperationTests.swift */; };
		E850C0F125E263E400EE1C14 /* JSONDataRequestOperationTests.swift in Sources */ = {isa = PBXBuildFile; fileRef = E850C0E525E263E300EE1C14 /* JSONDataRequestOperationTests.swift */; };
		E850C0F225E263E400EE1C14 /* QueueManagerTests.swift in Sources */ = {isa = PBXBuildFile; fileRef = E850C0E625E263E300EE1C14 /* QueueManagerTests.swift */; };
		E850C0F325E263E400EE1C14 /* CachServiceTests.swift in Sources */ = {isa = PBXBuildFile; fileRef = E850C0E825E263E300EE1C14 /* CachServiceTests.swift */; };
		E850C0F525E263E400EE1C14 /* FeedViewModelTests.swift in Sources */ = {isa = PBXBuildFile; fileRef = E850C0EB25E263E300EE1C14 /* FeedViewModelTests.swift */; };
		E850C10225E267F600EE1C14 /* NewsServiceTests.swift in Sources */ = {isa = PBXBuildFile; fileRef = E850C0E925E263E300EE1C14 /* NewsServiceTests.swift */; };
		E850C11825E27B5C00EE1C14 /* StubData.swift in Sources */ = {isa = PBXBuildFile; fileRef = E850C11725E27B5C00EE1C14 /* StubData.swift */; };
		E850C11C25E27B6800EE1C14 /* StubData.swift in Sources */ = {isa = PBXBuildFile; fileRef = E850C11725E27B5C00EE1C14 /* StubData.swift */; };
		E850C12725E2840900EE1C14 /* home.json in Resources */ = {isa = PBXBuildFile; fileRef = E8DED1EB25DE879100C445E4 /* home.json */; };
		E850C12B25E284AB00EE1C14 /* home-invalid.json in Resources */ = {isa = PBXBuildFile; fileRef = E850C10625E26BB600EE1C14 /* home-invalid.json */; };
		E8B5E3F225DFECF9005660BF /* LoadingView.swift in Sources */ = {isa = PBXBuildFile; fileRef = E8B5E3F125DFECF9005660BF /* LoadingView.swift */; };
		E8B5E3F725DFF640005660BF /* ImageService.swift in Sources */ = {isa = PBXBuildFile; fileRef = E8B5E3F625DFF640005660BF /* ImageService.swift */; };
		E8BBB0B725E13444002383A0 /* WebViewController.swift in Sources */ = {isa = PBXBuildFile; fileRef = E8BBB0B625E13444002383A0 /* WebViewController.swift */; };
		E8DED10C25DDA6C700C445E4 /* AppDelegate.swift in Sources */ = {isa = PBXBuildFile; fileRef = E8DED10B25DDA6C700C445E4 /* AppDelegate.swift */; };
		E8DED11525DDA6CA00C445E4 /* Assets.xcassets in Resources */ = {isa = PBXBuildFile; fileRef = E8DED11425DDA6CA00C445E4 /* Assets.xcassets */; };
		E8DED11825DDA6CA00C445E4 /* LaunchScreen.storyboard in Resources */ = {isa = PBXBuildFile; fileRef = E8DED11625DDA6CA00C445E4 /* LaunchScreen.storyboard */; };
		E8DED12E25DDA6CB00C445E4 /* FeedViewControllerUITests.swift in Sources */ = {isa = PBXBuildFile; fileRef = E8DED12D25DDA6CB00C445E4 /* FeedViewControllerUITests.swift */; };
		E8DED1A925DE3B0E00C445E4 /* AlertShowable.swift in Sources */ = {isa = PBXBuildFile; fileRef = E8DED18625DE3B0E00C445E4 /* AlertShowable.swift */; };
		E8DED1AA25DE3B0E00C445E4 /* FileManager+Extension.swift in Sources */ = {isa = PBXBuildFile; fileRef = E8DED18725DE3B0E00C445E4 /* FileManager+Extension.swift */; };
		E8DED1AB25DE3B0E00C445E4 /* Reuseable.swift in Sources */ = {isa = PBXBuildFile; fileRef = E8DED18825DE3B0E00C445E4 /* Reuseable.swift */; };
		E8DED1AE25DE3B0E00C445E4 /* UIColor+Extension.swift in Sources */ = {isa = PBXBuildFile; fileRef = E8DED18B25DE3B0E00C445E4 /* UIColor+Extension.swift */; };
		E8DED1B025DE3B0E00C445E4 /* BaseViewModel.swift in Sources */ = {isa = PBXBuildFile; fileRef = E8DED18E25DE3B0E00C445E4 /* BaseViewModel.swift */; };
		E8DED1B525DE3B0E00C445E4 /* APIConstants.swift in Sources */ = {isa = PBXBuildFile; fileRef = E8DED19425DE3B0E00C445E4 /* APIConstants.swift */; };
		E8DED1B625DE3B0E00C445E4 /* FileManagerProtocol.swift in Sources */ = {isa = PBXBuildFile; fileRef = E8DED19525DE3B0E00C445E4 /* FileManagerProtocol.swift */; };
		E8DED1B825DE3B0E00C445E4 /* Observable.swift in Sources */ = {isa = PBXBuildFile; fileRef = E8DED19825DE3B0E00C445E4 /* Observable.swift */; };
		E8DED1B925DE3B0E00C445E4 /* BaseOperation.swift in Sources */ = {isa = PBXBuildFile; fileRef = E8DED19A25DE3B0E00C445E4 /* BaseOperation.swift */; };
		E8DED1BA25DE3B0E00C445E4 /* CacheImageOperation.swift in Sources */ = {isa = PBXBuildFile; fileRef = E8DED19B25DE3B0E00C445E4 /* CacheImageOperation.swift */; };
		E8DED1BB25DE3B0E00C445E4 /* JSONDataRequestOperation.swift in Sources */ = {isa = PBXBuildFile; fileRef = E8DED19C25DE3B0E00C445E4 /* JSONDataRequestOperation.swift */; };
		E8DED1BC25DE3B0E00C445E4 /* QueueManager.swift in Sources */ = {isa = PBXBuildFile; fileRef = E8DED19D25DE3B0E00C445E4 /* QueueManager.swift */; };
		E8DED1BD25DE3B0E00C445E4 /* CacheService.swift in Sources */ = {isa = PBXBuildFile; fileRef = E8DED19F25DE3B0E00C445E4 /* CacheService.swift */; };
		E8DED1BF25DE3B0E00C445E4 /* URLSessionProtocol.swift in Sources */ = {isa = PBXBuildFile; fileRef = E8DED1A125DE3B0E00C445E4 /* URLSessionProtocol.swift */; };
		E8DED1C025DE3B0E00C445E4 /* Reachability.swift in Sources */ = {isa = PBXBuildFile; fileRef = E8DED1A325DE3B0E00C445E4 /* Reachability.swift */; };
		E8DED1D125DE76CC00C445E4 /* Feed.swift in Sources */ = {isa = PBXBuildFile; fileRef = E8DED1D025DE76CC00C445E4 /* Feed.swift */; };
		E8DED1DC25DE7BCB00C445E4 /* ServiceFactory.swift in Sources */ = {isa = PBXBuildFile; fileRef = E8DED1DB25DE7BCB00C445E4 /* ServiceFactory.swift */; };
		E8DED1E125DE7C4200C445E4 /* LocalMockService.swift in Sources */ = {isa = PBXBuildFile; fileRef = E8DED1E025DE7C4200C445E4 /* LocalMockService.swift */; };
		E8DED1E625DE854200C445E4 /* NewsService.swift in Sources */ = {isa = PBXBuildFile; fileRef = E8DED1E525DE854200C445E4 /* NewsService.swift */; };
		E8DED1EC25DE879100C445E4 /* home.json in Resources */ = {isa = PBXBuildFile; fileRef = E8DED1EB25DE879100C445E4 /* home.json */; };
		E8DED1F425DE905400C445E4 /* FeedViewController.swift in Sources */ = {isa = PBXBuildFile; fileRef = E8DED1F325DE905400C445E4 /* FeedViewController.swift */; };
		E8DED1F925DE9C2300C445E4 /* FeedViewModel.swift in Sources */ = {isa = PBXBuildFile; fileRef = E8DED1F825DE9C2300C445E4 /* FeedViewModel.swift */; };
		E8DED20725DEF31200C445E4 /* ContentCell.swift in Sources */ = {isa = PBXBuildFile; fileRef = E8DED20625DEF31200C445E4 /* ContentCell.swift */; };
		E8DED20C25DEF90900C445E4 /* UIView+Extension.swift in Sources */ = {isa = PBXBuildFile; fileRef = E8DED20B25DEF90900C445E4 /* UIView+Extension.swift */; };
		E8DED21225DF50A900C445E4 /* ContentCellViewModel.swift in Sources */ = {isa = PBXBuildFile; fileRef = E8DED21125DF50A900C445E4 /* ContentCellViewModel.swift */; };
		E8DED21725DF510100C445E4 /* ImageState.swift in Sources */ = {isa = PBXBuildFile; fileRef = E8DED21625DF510100C445E4 /* ImageState.swift */; };
		E8DED21C25DF780600C445E4 /* AppCoordinator.swift in Sources */ = {isa = PBXBuildFile; fileRef = E8DED21B25DF780600C445E4 /* AppCoordinator.swift */; };
		E8DED22125DF8D1500C445E4 /* Collection.swift in Sources */ = {isa = PBXBuildFile; fileRef = E8DED22025DF8D1500C445E4 /* Collection.swift */; };
/* End PBXBuildFile section */

/* Begin PBXContainerItemProxy section */
		E8DED11F25DDA6CB00C445E4 /* PBXContainerItemProxy */ = {
			isa = PBXContainerItemProxy;
			containerPortal = E8DED10025DDA6C700C445E4 /* Project object */;
			proxyType = 1;
			remoteGlobalIDString = E8DED10725DDA6C700C445E4;
			remoteInfo = SimpleNews;
		};
		E8DED12A25DDA6CB00C445E4 /* PBXContainerItemProxy */ = {
			isa = PBXContainerItemProxy;
			containerPortal = E8DED10025DDA6C700C445E4 /* Project object */;
			proxyType = 1;
			remoteGlobalIDString = E8DED10725DDA6C700C445E4;
			remoteInfo = SimpleNews;
		};
/* End PBXContainerItemProxy section */

/* Begin PBXFileReference section */
		E850C0DD25E263E300EE1C14 /* tick.png */ = {isa = PBXFileReference; lastKnownFileType = image.png; path = tick.png; sourceTree = "<group>"; };
		E850C0DF25E263E300EE1C14 /* MockFileManager.swift */ = {isa = PBXFileReference; fileEncoding = 4; lastKnownFileType = sourcecode.swift; path = MockFileManager.swift; sourceTree = "<group>"; };
		E850C0E025E263E300EE1C14 /* MockURLSession.swift */ = {isa = PBXFileReference; fileEncoding = 4; lastKnownFileType = sourcecode.swift; path = MockURLSession.swift; sourceTree = "<group>"; };
		E850C0E225E263E300EE1C14 /* ObservableTests.swift */ = {isa = PBXFileReference; fileEncoding = 4; lastKnownFileType = sourcecode.swift; path = ObservableTests.swift; sourceTree = "<group>"; };
		E850C0E425E263E300EE1C14 /* CacheImageOperationTests.swift */ = {isa = PBXFileReference; fileEncoding = 4; lastKnownFileType = sourcecode.swift; path = CacheImageOperationTests.swift; sourceTree = "<group>"; };
		E850C0E525E263E300EE1C14 /* JSONDataRequestOperationTests.swift */ = {isa = PBXFileReference; fileEncoding = 4; lastKnownFileType = sourcecode.swift; path = JSONDataRequestOperationTests.swift; sourceTree = "<group>"; };
		E850C0E625E263E300EE1C14 /* QueueManagerTests.swift */ = {isa = PBXFileReference; fileEncoding = 4; lastKnownFileType = sourcecode.swift; path = QueueManagerTests.swift; sourceTree = "<group>"; };
		E850C0E825E263E300EE1C14 /* CachServiceTests.swift */ = {isa = PBXFileReference; fileEncoding = 4; lastKnownFileType = sourcecode.swift; path = CachServiceTests.swift; sourceTree = "<group>"; };
		E850C0E925E263E300EE1C14 /* NewsServiceTests.swift */ = {isa = PBXFileReference; fileEncoding = 4; lastKnownFileType = sourcecode.swift; path = NewsServiceTests.swift; sourceTree = "<group>"; };
		E850C0EB25E263E300EE1C14 /* FeedViewModelTests.swift */ = {isa = PBXFileReference; fileEncoding = 4; lastKnownFileType = sourcecode.swift; path = FeedViewModelTests.swift; sourceTree = "<group>"; };
		E850C10625E26BB600EE1C14 /* home-invalid.json */ = {isa = PBXFileReference; lastKnownFileType = text.json; path = "home-invalid.json"; sourceTree = "<group>"; };
		E850C11725E27B5C00EE1C14 /* StubData.swift */ = {isa = PBXFileReference; lastKnownFileType = sourcecode.swift; path = StubData.swift; sourceTree = "<group>"; };
		E8B5E3F125DFECF9005660BF /* LoadingView.swift */ = {isa = PBXFileReference; lastKnownFileType = sourcecode.swift; path = LoadingView.swift; sourceTree = "<group>"; };
		E8B5E3F625DFF640005660BF /* ImageService.swift */ = {isa = PBXFileReference; lastKnownFileType = sourcecode.swift; path = ImageService.swift; sourceTree = "<group>"; };
		E8BBB0B625E13444002383A0 /* WebViewController.swift */ = {isa = PBXFileReference; lastKnownFileType = sourcecode.swift; path = WebViewController.swift; sourceTree = "<group>"; };
		E8DED10825DDA6C700C445E4 /* SimpleNews.app */ = {isa = PBXFileReference; explicitFileType = wrapper.application; includeInIndex = 0; path = SimpleNews.app; sourceTree = BUILT_PRODUCTS_DIR; };
		E8DED10B25DDA6C700C445E4 /* AppDelegate.swift */ = {isa = PBXFileReference; lastKnownFileType = sourcecode.swift; path = AppDelegate.swift; sourceTree = "<group>"; };
		E8DED11425DDA6CA00C445E4 /* Assets.xcassets */ = {isa = PBXFileReference; lastKnownFileType = folder.assetcatalog; path = Assets.xcassets; sourceTree = "<group>"; };
		E8DED11725DDA6CA00C445E4 /* Base */ = {isa = PBXFileReference; lastKnownFileType = file.storyboard; name = Base; path = Base.lproj/LaunchScreen.storyboard; sourceTree = "<group>"; };
		E8DED11925DDA6CA00C445E4 /* Info.plist */ = {isa = PBXFileReference; lastKnownFileType = text.plist.xml; path = Info.plist; sourceTree = "<group>"; };
		E8DED11E25DDA6CB00C445E4 /* SimpleNewsTests.xctest */ = {isa = PBXFileReference; explicitFileType = wrapper.cfbundle; includeInIndex = 0; path = SimpleNewsTests.xctest; sourceTree = BUILT_PRODUCTS_DIR; };
		E8DED12425DDA6CB00C445E4 /* Info.plist */ = {isa = PBXFileReference; lastKnownFileType = text.plist.xml; path = Info.plist; sourceTree = "<group>"; };
		E8DED12925DDA6CB00C445E4 /* SimpleNewsUITests.xctest */ = {isa = PBXFileReference; explicitFileType = wrapper.cfbundle; includeInIndex = 0; path = SimpleNewsUITests.xctest; sourceTree = BUILT_PRODUCTS_DIR; };
		E8DED12D25DDA6CB00C445E4 /* FeedViewControllerUITests.swift */ = {isa = PBXFileReference; lastKnownFileType = sourcecode.swift; path = FeedViewControllerUITests.swift; sourceTree = "<group>"; };
		E8DED12F25DDA6CB00C445E4 /* Info.plist */ = {isa = PBXFileReference; lastKnownFileType = text.plist.xml; path = Info.plist; sourceTree = "<group>"; };
		E8DED18625DE3B0E00C445E4 /* AlertShowable.swift */ = {isa = PBXFileReference; fileEncoding = 4; lastKnownFileType = sourcecode.swift; path = AlertShowable.swift; sourceTree = "<group>"; };
		E8DED18725DE3B0E00C445E4 /* FileManager+Extension.swift */ = {isa = PBXFileReference; fileEncoding = 4; lastKnownFileType = sourcecode.swift; path = "FileManager+Extension.swift"; sourceTree = "<group>"; };
		E8DED18825DE3B0E00C445E4 /* Reuseable.swift */ = {isa = PBXFileReference; fileEncoding = 4; lastKnownFileType = sourcecode.swift; path = Reuseable.swift; sourceTree = "<group>"; };
		E8DED18B25DE3B0E00C445E4 /* UIColor+Extension.swift */ = {isa = PBXFileReference; fileEncoding = 4; lastKnownFileType = sourcecode.swift; path = "UIColor+Extension.swift"; sourceTree = "<group>"; };
		E8DED18E25DE3B0E00C445E4 /* BaseViewModel.swift */ = {isa = PBXFileReference; fileEncoding = 4; lastKnownFileType = sourcecode.swift; path = BaseViewModel.swift; sourceTree = "<group>"; };
		E8DED19425DE3B0E00C445E4 /* APIConstants.swift */ = {isa = PBXFileReference; fileEncoding = 4; lastKnownFileType = sourcecode.swift; path = APIConstants.swift; sourceTree = "<group>"; };
		E8DED19525DE3B0E00C445E4 /* FileManagerProtocol.swift */ = {isa = PBXFileReference; fileEncoding = 4; lastKnownFileType = sourcecode.swift; path = FileManagerProtocol.swift; sourceTree = "<group>"; };
		E8DED19825DE3B0E00C445E4 /* Observable.swift */ = {isa = PBXFileReference; fileEncoding = 4; lastKnownFileType = sourcecode.swift; path = Observable.swift; sourceTree = "<group>"; };
		E8DED19A25DE3B0E00C445E4 /* BaseOperation.swift */ = {isa = PBXFileReference; fileEncoding = 4; lastKnownFileType = sourcecode.swift; path = BaseOperation.swift; sourceTree = "<group>"; };
		E8DED19B25DE3B0E00C445E4 /* CacheImageOperation.swift */ = {isa = PBXFileReference; fileEncoding = 4; lastKnownFileType = sourcecode.swift; path = CacheImageOperation.swift; sourceTree = "<group>"; };
		E8DED19C25DE3B0E00C445E4 /* JSONDataRequestOperation.swift */ = {isa = PBXFileReference; fileEncoding = 4; lastKnownFileType = sourcecode.swift; path = JSONDataRequestOperation.swift; sourceTree = "<group>"; };
		E8DED19D25DE3B0E00C445E4 /* QueueManager.swift */ = {isa = PBXFileReference; fileEncoding = 4; lastKnownFileType = sourcecode.swift; path = QueueManager.swift; sourceTree = "<group>"; };
		E8DED19F25DE3B0E00C445E4 /* CacheService.swift */ = {isa = PBXFileReference; fileEncoding = 4; lastKnownFileType = sourcecode.swift; path = CacheService.swift; sourceTree = "<group>"; };
		E8DED1A125DE3B0E00C445E4 /* URLSessionProtocol.swift */ = {isa = PBXFileReference; fileEncoding = 4; lastKnownFileType = sourcecode.swift; path = URLSessionProtocol.swift; sourceTree = "<group>"; };
		E8DED1A325DE3B0E00C445E4 /* Reachability.swift */ = {isa = PBXFileReference; fileEncoding = 4; lastKnownFileType = sourcecode.swift; path = Reachability.swift; sourceTree = "<group>"; };
		E8DED1C425DE3C6600C445E4 /* README.md */ = {isa = PBXFileReference; lastKnownFileType = net.daringfireball.markdown; path = README.md; sourceTree = "<group>"; };
		E8DED1D025DE76CC00C445E4 /* Feed.swift */ = {isa = PBXFileReference; lastKnownFileType = sourcecode.swift; path = Feed.swift; sourceTree = "<group>"; };
		E8DED1DB25DE7BCB00C445E4 /* ServiceFactory.swift */ = {isa = PBXFileReference; lastKnownFileType = sourcecode.swift; path = ServiceFactory.swift; sourceTree = "<group>"; };
		E8DED1E025DE7C4200C445E4 /* LocalMockService.swift */ = {isa = PBXFileReference; lastKnownFileType = sourcecode.swift; path = LocalMockService.swift; sourceTree = "<group>"; };
		E8DED1E525DE854200C445E4 /* NewsService.swift */ = {isa = PBXFileReference; lastKnownFileType = sourcecode.swift; path = NewsService.swift; sourceTree = "<group>"; };
		E8DED1EB25DE879100C445E4 /* home.json */ = {isa = PBXFileReference; lastKnownFileType = text.json; path = home.json; sourceTree = "<group>"; };
		E8DED1F325DE905400C445E4 /* FeedViewController.swift */ = {isa = PBXFileReference; lastKnownFileType = sourcecode.swift; path = FeedViewController.swift; sourceTree = "<group>"; };
		E8DED1F825DE9C2300C445E4 /* FeedViewModel.swift */ = {isa = PBXFileReference; lastKnownFileType = sourcecode.swift; path = FeedViewModel.swift; sourceTree = "<group>"; };
		E8DED20625DEF31200C445E4 /* ContentCell.swift */ = {isa = PBXFileReference; lastKnownFileType = sourcecode.swift; path = ContentCell.swift; sourceTree = "<group>"; };
		E8DED20B25DEF90900C445E4 /* UIView+Extension.swift */ = {isa = PBXFileReference; lastKnownFileType = sourcecode.swift; path = "UIView+Extension.swift"; sourceTree = "<group>"; };
		E8DED21125DF50A900C445E4 /* ContentCellViewModel.swift */ = {isa = PBXFileReference; lastKnownFileType = sourcecode.swift; path = ContentCellViewModel.swift; sourceTree = "<group>"; };
		E8DED21625DF510100C445E4 /* ImageState.swift */ = {isa = PBXFileReference; lastKnownFileType = sourcecode.swift; path = ImageState.swift; sourceTree = "<group>"; };
		E8DED21B25DF780600C445E4 /* AppCoordinator.swift */ = {isa = PBXFileReference; lastKnownFileType = sourcecode.swift; path = AppCoordinator.swift; sourceTree = "<group>"; };
		E8DED22025DF8D1500C445E4 /* Collection.swift */ = {isa = PBXFileReference; lastKnownFileType = sourcecode.swift; path = Collection.swift; sourceTree = "<group>"; };
/* End PBXFileReference section */

/* Begin PBXFrameworksBuildPhase section */
		E8DED10525DDA6C700C445E4 /* Frameworks */ = {
			isa = PBXFrameworksBuildPhase;
			buildActionMask = 2147483647;
			files = (
			);
			runOnlyForDeploymentPostprocessing = 0;
		};
		E8DED11B25DDA6CB00C445E4 /* Frameworks */ = {
			isa = PBXFrameworksBuildPhase;
			buildActionMask = 2147483647;
			files = (
			);
			runOnlyForDeploymentPostprocessing = 0;
		};
		E8DED12625DDA6CB00C445E4 /* Frameworks */ = {
			isa = PBXFrameworksBuildPhase;
			buildActionMask = 2147483647;
			files = (
			);
			runOnlyForDeploymentPostprocessing = 0;
		};
/* End PBXFrameworksBuildPhase section */

/* Begin PBXGroup section */
		E850C0DE25E263E300EE1C14 /* Mock */ = {
			isa = PBXGroup;
			children = (
				E850C0DF25E263E300EE1C14 /* MockFileManager.swift */,
				E850C0E025E263E300EE1C14 /* MockURLSession.swift */,
			);
			path = Mock;
			sourceTree = "<group>";
		};
		E850C0E125E263E300EE1C14 /* Data */ = {
			isa = PBXGroup;
			children = (
				E850C0E225E263E300EE1C14 /* ObservableTests.swift */,
				E850C0E325E263E300EE1C14 /* Operation */,
				E850C0E725E263E300EE1C14 /* Service */,
			);
			path = Data;
			sourceTree = "<group>";
		};
		E850C0E325E263E300EE1C14 /* Operation */ = {
			isa = PBXGroup;
			children = (
				E850C0E425E263E300EE1C14 /* CacheImageOperationTests.swift */,
				E850C0E525E263E300EE1C14 /* JSONDataRequestOperationTests.swift */,
				E850C0E625E263E300EE1C14 /* QueueManagerTests.swift */,
			);
			path = Operation;
			sourceTree = "<group>";
		};
		E850C0E725E263E300EE1C14 /* Service */ = {
			isa = PBXGroup;
			children = (
				E850C0E825E263E300EE1C14 /* CachServiceTests.swift */,
				E850C0E925E263E300EE1C14 /* NewsServiceTests.swift */,
			);
			path = Service;
			sourceTree = "<group>";
		};
		E850C0EA25E263E300EE1C14 /* View */ = {
			isa = PBXGroup;
			children = (
				E850C0EB25E263E300EE1C14 /* FeedViewModelTests.swift */,
			);
			path = View;
			sourceTree = "<group>";
		};
		E8DED0FF25DDA6C700C445E4 = {
			isa = PBXGroup;
			children = (
				E8DED1C425DE3C6600C445E4 /* README.md */,
				E8DED10A25DDA6C700C445E4 /* SimpleNews */,
				E8DED12125DDA6CB00C445E4 /* SimpleNewsTests */,
				E8DED12C25DDA6CB00C445E4 /* SimpleNewsUITests */,
				E8DED10925DDA6C700C445E4 /* Products */,
			);
			sourceTree = "<group>";
		};
		E8DED10925DDA6C700C445E4 /* Products */ = {
			isa = PBXGroup;
			children = (
				E8DED10825DDA6C700C445E4 /* SimpleNews.app */,
				E8DED11E25DDA6CB00C445E4 /* SimpleNewsTests.xctest */,
				E8DED12925DDA6CB00C445E4 /* SimpleNewsUITests.xctest */,
			);
			name = Products;
			sourceTree = "<group>";
		};
		E8DED10A25DDA6C700C445E4 /* SimpleNews */ = {
			isa = PBXGroup;
			children = (
				E8DED10B25DDA6C700C445E4 /* AppDelegate.swift */,
				E8DED19325DE3B0E00C445E4 /* Data */,
				E8DED18525DE3B0E00C445E4 /* Extension */,
				E8DED18D25DE3B0E00C445E4 /* UI */,
				E8DED1A225DE3B0E00C445E4 /* Util */,
				E8DED17F25DE3B0D00C445E4 /* View */,
				E8DED11425DDA6CA00C445E4 /* Assets.xcassets */,
				E8DED11625DDA6CA00C445E4 /* LaunchScreen.storyboard */,
				E8DED11925DDA6CA00C445E4 /* Info.plist */,
			);
			path = SimpleNews;
			sourceTree = "<group>";
		};
		E8DED12125DDA6CB00C445E4 /* SimpleNewsTests */ = {
			isa = PBXGroup;
			children = (
				E850C0DE25E263E300EE1C14 /* Mock */,
				E850C0E125E263E300EE1C14 /* Data */,
				E850C0DD25E263E300EE1C14 /* tick.png */,
				E850C0EA25E263E300EE1C14 /* View */,
				E8DED1EA25DE878100C445E4 /* Stub */,
				E8DED12425DDA6CB00C445E4 /* Info.plist */,
			);
			path = SimpleNewsTests;
			sourceTree = "<group>";
		};
		E8DED12C25DDA6CB00C445E4 /* SimpleNewsUITests */ = {
			isa = PBXGroup;
			children = (
				E8DED12D25DDA6CB00C445E4 /* FeedViewControllerUITests.swift */,
				E8DED12F25DDA6CB00C445E4 /* Info.plist */,
			);
			path = SimpleNewsUITests;
			sourceTree = "<group>";
		};
		E8DED17F25DE3B0D00C445E4 /* View */ = {
			isa = PBXGroup;
			children = (
				E8DED1F325DE905400C445E4 /* FeedViewController.swift */,
				E8DED1F825DE9C2300C445E4 /* FeedViewModel.swift */,
				E8DED21B25DF780600C445E4 /* AppCoordinator.swift */,
				E8BBB0B625E13444002383A0 /* WebViewController.swift */,
			);
			path = View;
			sourceTree = "<group>";
		};
		E8DED18525DE3B0E00C445E4 /* Extension */ = {
			isa = PBXGroup;
			children = (
				E8DED18625DE3B0E00C445E4 /* AlertShowable.swift */,
				E8DED18725DE3B0E00C445E4 /* FileManager+Extension.swift */,
				E8DED18825DE3B0E00C445E4 /* Reuseable.swift */,
				E8DED18B25DE3B0E00C445E4 /* UIColor+Extension.swift */,
				E8DED20B25DEF90900C445E4 /* UIView+Extension.swift */,
				E8DED22025DF8D1500C445E4 /* Collection.swift */,
			);
			path = Extension;
			sourceTree = "<group>";
		};
		E8DED18D25DE3B0E00C445E4 /* UI */ = {
			isa = PBXGroup;
			children = (
				E8DED18E25DE3B0E00C445E4 /* BaseViewModel.swift */,
				E8DED20625DEF31200C445E4 /* ContentCell.swift */,
				E8B5E3F125DFECF9005660BF /* LoadingView.swift */,
				E8DED21025DF48F500C445E4 /* ViewModel */,
			);
			path = UI;
			sourceTree = "<group>";
		};
		E8DED19325DE3B0E00C445E4 /* Data */ = {
			isa = PBXGroup;
			children = (
				E8DED19425DE3B0E00C445E4 /* APIConstants.swift */,
				E8DED19525DE3B0E00C445E4 /* FileManagerProtocol.swift */,
				E8DED19625DE3B0E00C445E4 /* Model */,
				E8DED19825DE3B0E00C445E4 /* Observable.swift */,
				E8DED19925DE3B0E00C445E4 /* Operation */,
				E8DED19E25DE3B0E00C445E4 /* Service */,
				E8DED1A125DE3B0E00C445E4 /* URLSessionProtocol.swift */,
			);
			path = Data;
			sourceTree = "<group>";
		};
		E8DED19625DE3B0E00C445E4 /* Model */ = {
			isa = PBXGroup;
			children = (
				E8DED1D025DE76CC00C445E4 /* Feed.swift */,
			);
			path = Model;
			sourceTree = "<group>";
		};
		E8DED19925DE3B0E00C445E4 /* Operation */ = {
			isa = PBXGroup;
			children = (
				E8DED19A25DE3B0E00C445E4 /* BaseOperation.swift */,
				E8DED19B25DE3B0E00C445E4 /* CacheImageOperation.swift */,
				E8DED19C25DE3B0E00C445E4 /* JSONDataRequestOperation.swift */,
				E8DED19D25DE3B0E00C445E4 /* QueueManager.swift */,
			);
			path = Operation;
			sourceTree = "<group>";
		};
		E8DED19E25DE3B0E00C445E4 /* Service */ = {
			isa = PBXGroup;
			children = (
				E8DED19F25DE3B0E00C445E4 /* CacheService.swift */,
				E8DED1DB25DE7BCB00C445E4 /* ServiceFactory.swift */,
				E8DED1E025DE7C4200C445E4 /* LocalMockService.swift */,
				E8DED1E525DE854200C445E4 /* NewsService.swift */,
				E8B5E3F625DFF640005660BF /* ImageService.swift */,
			);
			path = Service;
			sourceTree = "<group>";
		};
		E8DED1A225DE3B0E00C445E4 /* Util */ = {
			isa = PBXGroup;
			children = (
				E8DED1A325DE3B0E00C445E4 /* Reachability.swift */,
			);
			path = Util;
			sourceTree = "<group>";
		};
		E8DED1EA25DE878100C445E4 /* Stub */ = {
			isa = PBXGroup;
			children = (
				E850C10625E26BB600EE1C14 /* home-invalid.json */,
				E8DED1EB25DE879100C445E4 /* home.json */,
				E850C11725E27B5C00EE1C14 /* StubData.swift */,
			);
			path = Stub;
			sourceTree = "<group>";
		};
		E8DED21025DF48F500C445E4 /* ViewModel */ = {
			isa = PBXGroup;
			children = (
				E8DED21125DF50A900C445E4 /* ContentCellViewModel.swift */,
				E8DED21625DF510100C445E4 /* ImageState.swift */,
			);
			path = ViewModel;
			sourceTree = "<group>";
		};
/* End PBXGroup section */

/* Begin PBXNativeTarget section */
		E8DED10725DDA6C700C445E4 /* SimpleNews */ = {
			isa = PBXNativeTarget;
			buildConfigurationList = E8DED13225DDA6CB00C445E4 /* Build configuration list for PBXNativeTarget "SimpleNews" */;
			buildPhases = (
				E8DED10425DDA6C700C445E4 /* Sources */,
				E8DED10525DDA6C700C445E4 /* Frameworks */,
				E8DED10625DDA6C700C445E4 /* Resources */,
			);
			buildRules = (
			);
			dependencies = (
			);
			name = SimpleNews;
			productName = SimpleNews;
			productReference = E8DED10825DDA6C700C445E4 /* SimpleNews.app */;
			productType = "com.apple.product-type.application";
		};
		E8DED11D25DDA6CB00C445E4 /* SimpleNewsTests */ = {
			isa = PBXNativeTarget;
			buildConfigurationList = E8DED13525DDA6CB00C445E4 /* Build configuration list for PBXNativeTarget "SimpleNewsTests" */;
			buildPhases = (
				E8DED11A25DDA6CB00C445E4 /* Sources */,
				E8DED11B25DDA6CB00C445E4 /* Frameworks */,
				E8DED11C25DDA6CB00C445E4 /* Resources */,
			);
			buildRules = (
			);
			dependencies = (
				E8DED12025DDA6CB00C445E4 /* PBXTargetDependency */,
			);
			name = SimpleNewsTests;
			productName = SimpleNewsTests;
			productReference = E8DED11E25DDA6CB00C445E4 /* SimpleNewsTests.xctest */;
			productType = "com.apple.product-type.bundle.unit-test";
		};
		E8DED12825DDA6CB00C445E4 /* SimpleNewsUITests */ = {
			isa = PBXNativeTarget;
			buildConfigurationList = E8DED13825DDA6CB00C445E4 /* Build configuration list for PBXNativeTarget "SimpleNewsUITests" */;
			buildPhases = (
				E8DED12525DDA6CB00C445E4 /* Sources */,
				E8DED12625DDA6CB00C445E4 /* Frameworks */,
				E8DED12725DDA6CB00C445E4 /* Resources */,
			);
			buildRules = (
			);
			dependencies = (
				E8DED12B25DDA6CB00C445E4 /* PBXTargetDependency */,
			);
			name = SimpleNewsUITests;
			productName = SimpleNewsUITests;
			productReference = E8DED12925DDA6CB00C445E4 /* SimpleNewsUITests.xctest */;
			productType = "com.apple.product-type.bundle.ui-testing";
		};
/* End PBXNativeTarget section */

/* Begin PBXProject section */
		E8DED10025DDA6C700C445E4 /* Project object */ = {
			isa = PBXProject;
			attributes = {
				LastSwiftUpdateCheck = 1240;
				LastUpgradeCheck = 1240;
				TargetAttributes = {
					E8DED10725DDA6C700C445E4 = {
						CreatedOnToolsVersion = 12.4;
					};
					E8DED11D25DDA6CB00C445E4 = {
						CreatedOnToolsVersion = 12.4;
						TestTargetID = E8DED10725DDA6C700C445E4;
					};
					E8DED12825DDA6CB00C445E4 = {
						CreatedOnToolsVersion = 12.4;
						TestTargetID = E8DED10725DDA6C700C445E4;
					};
				};
			};
			buildConfigurationList = E8DED10325DDA6C700C445E4 /* Build configuration list for PBXProject "SimpleNews" */;
			compatibilityVersion = "Xcode 9.3";
			developmentRegion = en;
			hasScannedForEncodings = 0;
			knownRegions = (
				en,
				Base,
			);
			mainGroup = E8DED0FF25DDA6C700C445E4;
			productRefGroup = E8DED10925DDA6C700C445E4 /* Products */;
			projectDirPath = "";
			projectRoot = "";
			targets = (
				E8DED10725DDA6C700C445E4 /* SimpleNews */,
				E8DED11D25DDA6CB00C445E4 /* SimpleNewsTests */,
				E8DED12825DDA6CB00C445E4 /* SimpleNewsUITests */,
			);
		};
/* End PBXProject section */

/* Begin PBXResourcesBuildPhase section */
		E8DED10625DDA6C700C445E4 /* Resources */ = {
			isa = PBXResourcesBuildPhase;
			buildActionMask = 2147483647;
			files = (
				E8DED11825DDA6CA00C445E4 /* LaunchScreen.storyboard in Resources */,
				E850C12725E2840900EE1C14 /* home.json in Resources */,
				E8DED11525DDA6CA00C445E4 /* Assets.xcassets in Resources */,
			);
			runOnlyForDeploymentPostprocessing = 0;
		};
		E8DED11C25DDA6CB00C445E4 /* Resources */ = {
			isa = PBXResourcesBuildPhase;
			buildActionMask = 2147483647;
			files = (
				E850C0EC25E263E300EE1C14 /* tick.png in Resources */,
				E850C12B25E284AB00EE1C14 /* home-invalid.json in Resources */,
				E8DED1EC25DE879100C445E4 /* home.json in Resources */,
			);
			runOnlyForDeploymentPostprocessing = 0;
		};
		E8DED12725DDA6CB00C445E4 /* Resources */ = {
			isa = PBXResourcesBuildPhase;
			buildActionMask = 2147483647;
			files = (
			);
			runOnlyForDeploymentPostprocessing = 0;
		};
/* End PBXResourcesBuildPhase section */

/* Begin PBXSourcesBuildPhase section */
		E8DED10425DDA6C700C445E4 /* Sources */ = {
			isa = PBXSourcesBuildPhase;
			buildActionMask = 2147483647;
			files = (
				E8DED1F925DE9C2300C445E4 /* FeedViewModel.swift in Sources */,
				E850C11C25E27B6800EE1C14 /* StubData.swift in Sources */,
				E8DED1BF25DE3B0E00C445E4 /* URLSessionProtocol.swift in Sources */,
				E8DED1B525DE3B0E00C445E4 /* APIConstants.swift in Sources */,
				E8DED1AA25DE3B0E00C445E4 /* FileManager+Extension.swift in Sources */,
				E8DED1BD25DE3B0E00C445E4 /* CacheService.swift in Sources */,
				E8DED1B025DE3B0E00C445E4 /* BaseViewModel.swift in Sources */,
				E8DED21C25DF780600C445E4 /* AppCoordinator.swift in Sources */,
				E8DED1AE25DE3B0E00C445E4 /* UIColor+Extension.swift in Sources */,
				E8DED1AB25DE3B0E00C445E4 /* Reuseable.swift in Sources */,
				E8DED1E625DE854200C445E4 /* NewsService.swift in Sources */,
				E8DED1BB25DE3B0E00C445E4 /* JSONDataRequestOperation.swift in Sources */,
				E8DED10C25DDA6C700C445E4 /* AppDelegate.swift in Sources */,
				E8DED1BA25DE3B0E00C445E4 /* CacheImageOperation.swift in Sources */,
				E8DED1E125DE7C4200C445E4 /* LocalMockService.swift in Sources */,
				E8DED1DC25DE7BCB00C445E4 /* ServiceFactory.swift in Sources */,
				E8DED1C025DE3B0E00C445E4 /* Reachability.swift in Sources */,
				E8DED1A925DE3B0E00C445E4 /* AlertShowable.swift in Sources */,
				E8DED1B925DE3B0E00C445E4 /* BaseOperation.swift in Sources */,
				E8DED1B825DE3B0E00C445E4 /* Observable.swift in Sources */,
				E8DED22125DF8D1500C445E4 /* Collection.swift in Sources */,
				E8DED20C25DEF90900C445E4 /* UIView+Extension.swift in Sources */,
				E8DED1BC25DE3B0E00C445E4 /* QueueManager.swift in Sources */,
				E8DED1D125DE76CC00C445E4 /* Feed.swift in Sources */,
				E8B5E3F725DFF640005660BF /* ImageService.swift in Sources */,
				E8DED20725DEF31200C445E4 /* ContentCell.swift in Sources */,
				E8DED21225DF50A900C445E4 /* ContentCellViewModel.swift in Sources */,
				E8B5E3F225DFECF9005660BF /* LoadingView.swift in Sources */,
				E8DED21725DF510100C445E4 /* ImageState.swift in Sources */,
				E8BBB0B725E13444002383A0 /* WebViewController.swift in Sources */,
				E8DED1F425DE905400C445E4 /* FeedViewController.swift in Sources */,
				E8DED1B625DE3B0E00C445E4 /* FileManagerProtocol.swift in Sources */,
			);
			runOnlyForDeploymentPostprocessing = 0;
		};
		E8DED11A25DDA6CB00C445E4 /* Sources */ = {
			isa = PBXSourcesBuildPhase;
			buildActionMask = 2147483647;
			files = (
				E850C0F025E263E400EE1C14 /* CacheImageOperationTests.swift in Sources */,
				E850C0EE25E263E400EE1C14 /* MockURLSession.swift in Sources */,
				E850C0F525E263E400EE1C14 /* FeedViewModelTests.swift in Sources */,
				E850C0EF25E263E400EE1C14 /* ObservableTests.swift in Sources */,
				E850C0ED25E263E300EE1C14 /* MockFileManager.swift in Sources */,
				E850C10225E267F600EE1C14 /* NewsServiceTests.swift in Sources */,
				E850C0F125E263E400EE1C14 /* JSONDataRequestOperationTests.swift in Sources */,
				E850C0F225E263E400EE1C14 /* QueueManagerTests.swift in Sources */,
				E850C0F325E263E400EE1C14 /* CachServiceTests.swift in Sources */,
				E850C11825E27B5C00EE1C14 /* StubData.swift in Sources */,
			);
			runOnlyForDeploymentPostprocessing = 0;
		};
		E8DED12525DDA6CB00C445E4 /* Sources */ = {
			isa = PBXSourcesBuildPhase;
			buildActionMask = 2147483647;
			files = (
				E8DED12E25DDA6CB00C445E4 /* FeedViewControllerUITests.swift in Sources */,
			);
			runOnlyForDeploymentPostprocessing = 0;
		};
/* End PBXSourcesBuildPhase section */

/* Begin PBXTargetDependency section */
		E8DED12025DDA6CB00C445E4 /* PBXTargetDependency */ = {
			isa = PBXTargetDependency;
			target = E8DED10725DDA6C700C445E4 /* SimpleNews */;
			targetProxy = E8DED11F25DDA6CB00C445E4 /* PBXContainerItemProxy */;
		};
		E8DED12B25DDA6CB00C445E4 /* PBXTargetDependency */ = {
			isa = PBXTargetDependency;
			target = E8DED10725DDA6C700C445E4 /* SimpleNews */;
			targetProxy = E8DED12A25DDA6CB00C445E4 /* PBXContainerItemProxy */;
		};
/* End PBXTargetDependency section */

/* Begin PBXVariantGroup section */
		E8DED11625DDA6CA00C445E4 /* LaunchScreen.storyboard */ = {
			isa = PBXVariantGroup;
			children = (
				E8DED11725DDA6CA00C445E4 /* Base */,
			);
			name = LaunchScreen.storyboard;
			sourceTree = "<group>";
		};
/* End PBXVariantGroup section */

/* Begin XCBuildConfiguration section */
		E8DED13025DDA6CB00C445E4 /* Debug */ = {
			isa = XCBuildConfiguration;
			buildSettings = {
				ALWAYS_SEARCH_USER_PATHS = NO;
				CLANG_ANALYZER_NONNULL = YES;
				CLANG_ANALYZER_NUMBER_OBJECT_CONVERSION = YES_AGGRESSIVE;
				CLANG_CXX_LANGUAGE_STANDARD = "gnu++14";
				CLANG_CXX_LIBRARY = "libc++";
				CLANG_ENABLE_MODULES = YES;
				CLANG_ENABLE_OBJC_ARC = YES;
				CLANG_ENABLE_OBJC_WEAK = YES;
				CLANG_WARN_BLOCK_CAPTURE_AUTORELEASING = YES;
				CLANG_WARN_BOOL_CONVERSION = YES;
				CLANG_WARN_COMMA = YES;
				CLANG_WARN_CONSTANT_CONVERSION = YES;
				CLANG_WARN_DEPRECATED_OBJC_IMPLEMENTATIONS = YES;
				CLANG_WARN_DIRECT_OBJC_ISA_USAGE = YES_ERROR;
				CLANG_WARN_DOCUMENTATION_COMMENTS = YES;
				CLANG_WARN_EMPTY_BODY = YES;
				CLANG_WARN_ENUM_CONVERSION = YES;
				CLANG_WARN_INFINITE_RECURSION = YES;
				CLANG_WARN_INT_CONVERSION = YES;
				CLANG_WARN_NON_LITERAL_NULL_CONVERSION = YES;
				CLANG_WARN_OBJC_IMPLICIT_RETAIN_SELF = YES;
				CLANG_WARN_OBJC_LITERAL_CONVERSION = YES;
				CLANG_WARN_OBJC_ROOT_CLASS = YES_ERROR;
				CLANG_WARN_QUOTED_INCLUDE_IN_FRAMEWORK_HEADER = YES;
				CLANG_WARN_RANGE_LOOP_ANALYSIS = YES;
				CLANG_WARN_STRICT_PROTOTYPES = YES;
				CLANG_WARN_SUSPICIOUS_MOVE = YES;
				CLANG_WARN_UNGUARDED_AVAILABILITY = YES_AGGRESSIVE;
				CLANG_WARN_UNREACHABLE_CODE = YES;
				CLANG_WARN__DUPLICATE_METHOD_MATCH = YES;
				COPY_PHASE_STRIP = NO;
				DEBUG_INFORMATION_FORMAT = dwarf;
				ENABLE_STRICT_OBJC_MSGSEND = YES;
				ENABLE_TESTABILITY = YES;
				GCC_C_LANGUAGE_STANDARD = gnu11;
				GCC_DYNAMIC_NO_PIC = NO;
				GCC_NO_COMMON_BLOCKS = YES;
				GCC_OPTIMIZATION_LEVEL = 0;
				GCC_PREPROCESSOR_DEFINITIONS = (
					"DEBUG=1",
					"$(inherited)",
				);
				GCC_WARN_64_TO_32_BIT_CONVERSION = YES;
				GCC_WARN_ABOUT_RETURN_TYPE = YES_ERROR;
				GCC_WARN_UNDECLARED_SELECTOR = YES;
				GCC_WARN_UNINITIALIZED_AUTOS = YES_AGGRESSIVE;
				GCC_WARN_UNUSED_FUNCTION = YES;
				GCC_WARN_UNUSED_VARIABLE = YES;
				IPHONEOS_DEPLOYMENT_TARGET = 14.4;
				MTL_ENABLE_DEBUG_INFO = INCLUDE_SOURCE;
				MTL_FAST_MATH = YES;
				ONLY_ACTIVE_ARCH = YES;
				SDKROOT = iphoneos;
				SWIFT_ACTIVE_COMPILATION_CONDITIONS = DEBUG;
				SWIFT_OPTIMIZATION_LEVEL = "-Onone";
			};
			name = Debug;
		};
		E8DED13125DDA6CB00C445E4 /* Release */ = {
			isa = XCBuildConfiguration;
			buildSettings = {
				ALWAYS_SEARCH_USER_PATHS = NO;
				CLANG_ANALYZER_NONNULL = YES;
				CLANG_ANALYZER_NUMBER_OBJECT_CONVERSION = YES_AGGRESSIVE;
				CLANG_CXX_LANGUAGE_STANDARD = "gnu++14";
				CLANG_CXX_LIBRARY = "libc++";
				CLANG_ENABLE_MODULES = YES;
				CLANG_ENABLE_OBJC_ARC = YES;
				CLANG_ENABLE_OBJC_WEAK = YES;
				CLANG_WARN_BLOCK_CAPTURE_AUTORELEASING = YES;
				CLANG_WARN_BOOL_CONVERSION = YES;
				CLANG_WARN_COMMA = YES;
				CLANG_WARN_CONSTANT_CONVERSION = YES;
				CLANG_WARN_DEPRECATED_OBJC_IMPLEMENTATIONS = YES;
				CLANG_WARN_DIRECT_OBJC_ISA_USAGE = YES_ERROR;
				CLANG_WARN_DOCUMENTATION_COMMENTS = YES;
				CLANG_WARN_EMPTY_BODY = YES;
				CLANG_WARN_ENUM_CONVERSION = YES;
				CLANG_WARN_INFINITE_RECURSION = YES;
				CLANG_WARN_INT_CONVERSION = YES;
				CLANG_WARN_NON_LITERAL_NULL_CONVERSION = YES;
				CLANG_WARN_OBJC_IMPLICIT_RETAIN_SELF = YES;
				CLANG_WARN_OBJC_LITERAL_CONVERSION = YES;
				CLANG_WARN_OBJC_ROOT_CLASS = YES_ERROR;
				CLANG_WARN_QUOTED_INCLUDE_IN_FRAMEWORK_HEADER = YES;
				CLANG_WARN_RANGE_LOOP_ANALYSIS = YES;
				CLANG_WARN_STRICT_PROTOTYPES = YES;
				CLANG_WARN_SUSPICIOUS_MOVE = YES;
				CLANG_WARN_UNGUARDED_AVAILABILITY = YES_AGGRESSIVE;
				CLANG_WARN_UNREACHABLE_CODE = YES;
				CLANG_WARN__DUPLICATE_METHOD_MATCH = YES;
				COPY_PHASE_STRIP = NO;
				DEBUG_INFORMATION_FORMAT = "dwarf-with-dsym";
				ENABLE_NS_ASSERTIONS = NO;
				ENABLE_STRICT_OBJC_MSGSEND = YES;
				GCC_C_LANGUAGE_STANDARD = gnu11;
				GCC_NO_COMMON_BLOCKS = YES;
				GCC_WARN_64_TO_32_BIT_CONVERSION = YES;
				GCC_WARN_ABOUT_RETURN_TYPE = YES_ERROR;
				GCC_WARN_UNDECLARED_SELECTOR = YES;
				GCC_WARN_UNINITIALIZED_AUTOS = YES_AGGRESSIVE;
				GCC_WARN_UNUSED_FUNCTION = YES;
				GCC_WARN_UNUSED_VARIABLE = YES;
				IPHONEOS_DEPLOYMENT_TARGET = 14.4;
				MTL_ENABLE_DEBUG_INFO = NO;
				MTL_FAST_MATH = YES;
				SDKROOT = iphoneos;
				SWIFT_COMPILATION_MODE = wholemodule;
				SWIFT_OPTIMIZATION_LEVEL = "-O";
				VALIDATE_PRODUCT = YES;
			};
			name = Release;
		};
		E8DED13325DDA6CB00C445E4 /* Debug */ = {
			isa = XCBuildConfiguration;
			buildSettings = {
				ASSETCATALOG_COMPILER_APPICON_NAME = AppIcon;
				ASSETCATALOG_COMPILER_GLOBAL_ACCENT_COLOR_NAME = AccentColor;
				CODE_SIGN_STYLE = Automatic;
				INFOPLIST_FILE = SimpleNews/Info.plist;
				LD_RUNPATH_SEARCH_PATHS = (
					"$(inherited)",
					"@executable_path/Frameworks",
				);
				PRODUCT_BUNDLE_IDENTIFIER = com.haile.SimpleNews;
				PRODUCT_NAME = "$(TARGET_NAME)";
				SWIFT_VERSION = 5.0;
				TARGETED_DEVICE_FAMILY = "1,2";
			};
			name = Debug;
		};
		E8DED13425DDA6CB00C445E4 /* Release */ = {
			isa = XCBuildConfiguration;
			buildSettings = {
				ASSETCATALOG_COMPILER_APPICON_NAME = AppIcon;
				ASSETCATALOG_COMPILER_GLOBAL_ACCENT_COLOR_NAME = AccentColor;
				CODE_SIGN_STYLE = Automatic;
				INFOPLIST_FILE = SimpleNews/Info.plist;
				LD_RUNPATH_SEARCH_PATHS = (
					"$(inherited)",
					"@executable_path/Frameworks",
				);
				PRODUCT_BUNDLE_IDENTIFIER = com.haile.SimpleNews;
				PRODUCT_NAME = "$(TARGET_NAME)";
				SWIFT_VERSION = 5.0;
				TARGETED_DEVICE_FAMILY = "1,2";
			};
			name = Release;
		};
		E8DED13625DDA6CB00C445E4 /* Debug */ = {
			isa = XCBuildConfiguration;
			buildSettings = {
				ALWAYS_EMBED_SWIFT_STANDARD_LIBRARIES = YES;
				BUNDLE_LOADER = "$(TEST_HOST)";
				CODE_SIGN_STYLE = Automatic;
				INFOPLIST_FILE = SimpleNewsTests/Info.plist;
				IPHONEOS_DEPLOYMENT_TARGET = 14.4;
				LD_RUNPATH_SEARCH_PATHS = (
					"$(inherited)",
					"@executable_path/Frameworks",
					"@loader_path/Frameworks",
				);
				PRODUCT_BUNDLE_IDENTIFIER = com.haile.SimpleNewsTests;
				PRODUCT_NAME = "$(TARGET_NAME)";
				SWIFT_VERSION = 5.0;
				TARGETED_DEVICE_FAMILY = "1,2";
				TEST_HOST = "$(BUILT_PRODUCTS_DIR)/SimpleNews.app/SimpleNews";
			};
			name = Debug;
		};
		E8DED13725DDA6CB00C445E4 /* Release */ = {
			isa = XCBuildConfiguration;
			buildSettings = {
				ALWAYS_EMBED_SWIFT_STANDARD_LIBRARIES = YES;
				BUNDLE_LOADER = "$(TEST_HOST)";
				CODE_SIGN_STYLE = Automatic;
				INFOPLIST_FILE = SimpleNewsTests/Info.plist;
				IPHONEOS_DEPLOYMENT_TARGET = 14.4;
				LD_RUNPATH_SEARCH_PATHS = (
					"$(inherited)",
					"@executable_path/Frameworks",
					"@loader_path/Frameworks",
				);
				PRODUCT_BUNDLE_IDENTIFIER = com.haile.SimpleNewsTests;
				PRODUCT_NAME = "$(TARGET_NAME)";
				SWIFT_VERSION = 5.0;
				TARGETED_DEVICE_FAMILY = "1,2";
				TEST_HOST = "$(BUILT_PRODUCTS_DIR)/SimpleNews.app/SimpleNews";
			};
			name = Release;
		};
		E8DED13925DDA6CB00C445E4 /* Debug */ = {
			isa = XCBuildConfiguration;
			buildSettings = {
				ALWAYS_EMBED_SWIFT_STANDARD_LIBRARIES = YES;
				CODE_SIGN_STYLE = Automatic;
				INFOPLIST_FILE = SimpleNewsUITests/Info.plist;
				LD_RUNPATH_SEARCH_PATHS = (
					"$(inherited)",
					"@executable_path/Frameworks",
					"@loader_path/Frameworks",
				);
				PRODUCT_BUNDLE_IDENTIFIER = com.haile.SimpleNewsUITests;
				PRODUCT_NAME = "$(TARGET_NAME)";
				SWIFT_VERSION = 5.0;
				TARGETED_DEVICE_FAMILY = "1,2";
				TEST_TARGET_NAME = SimpleNews;
			};
			name = Debug;
		};
		E8DED13A25DDA6CB00C445E4 /* Release */ = {
			isa = XCBuildConfiguration;
			buildSettings = {
				ALWAYS_EMBED_SWIFT_STANDARD_LIBRARIES = YES;
				CODE_SIGN_STYLE = Automatic;
				INFOPLIST_FILE = SimpleNewsUITests/Info.plist;
				LD_RUNPATH_SEARCH_PATHS = (
					"$(inherited)",
					"@executable_path/Frameworks",
					"@loader_path/Frameworks",
				);
				PRODUCT_BUNDLE_IDENTIFIER = com.haile.SimpleNewsUITests;
				PRODUCT_NAME = "$(TARGET_NAME)";
				SWIFT_VERSION = 5.0;
				TARGETED_DEVICE_FAMILY = "1,2";
				TEST_TARGET_NAME = SimpleNews;
			};
			name = Release;
		};
/* End XCBuildConfiguration section */

/* Begin XCConfigurationList section */
		E8DED10325DDA6C700C445E4 /* Build configuration list for PBXProject "SimpleNews" */ = {
			isa = XCConfigurationList;
			buildConfigurations = (
				E8DED13025DDA6CB00C445E4 /* Debug */,
				E8DED13125DDA6CB00C445E4 /* Release */,
			);
			defaultConfigurationIsVisible = 0;
			defaultConfigurationName = Release;
		};
		E8DED13225DDA6CB00C445E4 /* Build configuration list for PBXNativeTarget "SimpleNews" */ = {
			isa = XCConfigurationList;
			buildConfigurations = (
				E8DED13325DDA6CB00C445E4 /* Debug */,
				E8DED13425DDA6CB00C445E4 /* Release */,
			);
			defaultConfigurationIsVisible = 0;
			defaultConfigurationName = Release;
		};
		E8DED13525DDA6CB00C445E4 /* Build configuration list for PBXNativeTarget "SimpleNewsTests" */ = {
			isa = XCConfigurationList;
			buildConfigurations = (
				E8DED13625DDA6CB00C445E4 /* Debug */,
				E8DED13725DDA6CB00C445E4 /* Release */,
			);
			defaultConfigurationIsVisible = 0;
			defaultConfigurationName = Release;
		};
		E8DED13825DDA6CB00C445E4 /* Build configuration list for PBXNativeTarget "SimpleNewsUITests" */ = {
			isa = XCConfigurationList;
			buildConfigurations = (
				E8DED13925DDA6CB00C445E4 /* Debug */,
				E8DED13A25DDA6CB00C445E4 /* Release */,
			);
			defaultConfigurationIsVisible = 0;
			defaultConfigurationName = Release;
		};
/* End XCConfigurationList section */
	};
	rootObject = E8DED10025DDA6C700C445E4 /* Project object */;
}
